
Microsoft Visual Studio Solution File, Format Version 12.00
# Visual Studio 15
VisualStudioVersion = 15.0.28307.572
MinimumVisualStudioVersion = 10.0.40219.1
Project("{FAE04EC0-301F-11D3-BF4B-00C04F79EFBC}") = "Crypter", "Crypter.csproj", "{EE1FFCFD-61DD-49EA-ABF6-98A2E9C9EBB3}"
EndProject
Global
	GlobalSection(SolutionConfigurationPlatforms) = preSolution
		Debug|Any CPU = Debug|Any CPU
		Release|Any CPU = Release|Any CPU
	EndGlobalSection
	GlobalSection(ProjectConfigurationPlatforms) = postSolution
		{EE1FFCFD-61DD-49EA-ABF6-98A2E9C9EBB3}.Debug|Any CPU.ActiveCfg = Debug|Any CPU
		{EE1FFCFD-61DD-49EA-ABF6-98A2E9C9EBB3}.Debug|Any CPU.Build.0 = Debug|Any CPU
		{EE1FFCFD-61DD-49EA-ABF6-98A2E9C9EBB3}.Release|Any CPU.ActiveCfg = Release|Any CPU
		{EE1FFCFD-61DD-49EA-ABF6-98A2E9C9EBB3}.Release|Any CPU.Build.0 = Release|Any CPU
	EndGlobalSection
	GlobalSection(SolutionProperties) = preSolution
		HideSolutionNode = FALSE
	EndGlobalSection
	GlobalSection(ExtensibilityGlobals) = postSolution
		SolutionGuid = {A9EE7EA4-949B-4CAB-B235-41E002A6C3EC}
	EndGlobalSection
EndGlobal
